Microsoft Visual Studio Solution File, Format Version 12.00
# Visual Studio 2012
Project("{FAE04EC0-301F-11D3-BF4B-00C04F79EFBC}") = "SurvivorsTest", "SurvivorsTest.csproj", "{B033B3B8-71D8-450C-9BD0-FCB97F06D973}"
EndProject
Global
	GlobalSection(SolutionConfigurationPlatforms) = preSolution
	Debug|Any CPU = Debug|Any CPU
	ExportDebug|Any CPU = ExportDebug|Any CPU
	ExportRelease|Any CPU = ExportRelease|Any CPU
	EndGlobalSection
	GlobalSection(ProjectConfigurationPlatforms) = postSolution
		{B033B3B8-71D8-450C-9BD0-FCB97F06D973}.Debug|Any CPU.ActiveCfg = Debug|Any CPU
		{B033B3B8-71D8-450C-9BD0-FCB97F06D973}.Debug|Any CPU.Build.0 = Debug|Any CPU
		{B033B3B8-71D8-450C-9BD0-FCB97F06D973}.ExportDebug|Any CPU.ActiveCfg = ExportDebug|Any CPU
		{B033B3B8-71D8-450C-9BD0-FCB97F06D973}.ExportDebug|Any CPU.Build.0 = ExportDebug|Any CPU
		{B033B3B8-71D8-450C-9BD0-FCB97F06D973}.ExportRelease|Any CPU.ActiveCfg = ExportRelease|Any CPU
		{B033B3B8-71D8-450C-9BD0-FCB97F06D973}.ExportRelease|Any CPU.Build.0 = ExportRelease|Any CPU
	EndGlobalSection
EndGlobal
